// !$*UTF8*$!
{
	archiveVersion = 1;
	classes = {
	};
	objectVersion = 46;
	objects = {

/* Begin PBXBuildFile section */
		7F1DB7B91CCF07EC005B7AA5 /* Database.m in Sources */ = {isa = PBXBuildFile; fileRef = 7F1DB7B81CCF07EC005B7AA5 /* Database.m */; };
		7F1DB7C31CCF3427005B7AA5 /* JZNoticeCell.m in Sources */ = {isa = PBXBuildFile; fileRef = 7F1DB7C11CCF3427005B7AA5 /* JZNoticeCell.m */; };
		7F1DB7C41CCF3427005B7AA5 /* JZNoticeCell.xib in Resources */ = {isa = PBXBuildFile; fileRef = 7F1DB7C21CCF3427005B7AA5 /* JZNoticeCell.xib */; };
		7F1DB7C71CCF3CE4005B7AA5 /* JZHttpsNetworkRequest.m in Sources */ = {isa = PBXBuildFile; fileRef = 7F1DB7C61CCF3CE4005B7AA5 /* JZHttpsNetworkRequest.m */; };
		7FCE82691CC489F300098B9A /* AppDelegate.m in Sources */ = {isa = PBXBuildFile; fileRef = 7FCE825B1CC489F300098B9A /* AppDelegate.m */; };
		7FCE826A1CC489F300098B9A /* Assets.xcassets in Resources */ = {isa = PBXBuildFile; fileRef = 7FCE82601CC489F300098B9A /* Assets.xcassets */; };
		7FCE826C1CC489F300098B9A /* main.m in Sources */ = {isa = PBXBuildFile; fileRef = 7FCE82631CC489F300098B9A /* main.m */; };
		95F6140C1CCCB5BB0048EE88 /* JZTabBarController.m in Sources */ = {isa = PBXBuildFile; fileRef = 95F6140A1CCCB5BB0048EE88 /* JZTabBarController.m */; };
		95F614111CCCB6760048EE88 /* JZNavigationController.m in Sources */ = {isa = PBXBuildFile; fileRef = 95F614101CCCB6760048EE88 /* JZNavigationController.m */; };
		95F614181CCCB94F0048EE88 /* JZBaseViewController.m in Sources */ = {isa = PBXBuildFile; fileRef = 95F614171CCCB94F0048EE88 /* JZBaseViewController.m */; };
		95F6141C1CCCB9740048EE88 /* JZNoticeViewController.m in Sources */ = {isa = PBXBuildFile; fileRef = 95F6141A1CCCB9740048EE88 /* JZNoticeViewController.m */; };
		95F614211CCCB9980048EE88 /* JZPracticeViewController.m in Sources */ = {isa = PBXBuildFile; fileRef = 95F6141F1CCCB9980048EE88 /* JZPracticeViewController.m */; };
		95F614221CCCB9980048EE88 /* JZPracticeViewController.xib in Resources */ = {isa = PBXBuildFile; fileRef = 95F614201CCCB9980048EE88 /* JZPracticeViewController.xib */; };
		95F614261CCCB9B50048EE88 /* JZMineViewController.m in Sources */ = {isa = PBXBuildFile; fileRef = 95F614241CCCB9B50048EE88 /* JZMineViewController.m */; };
		95F614271CCCB9B50048EE88 /* JZMineViewController.xib in Resources */ = {isa = PBXBuildFile; fileRef = 95F614251CCCB9B50048EE88 /* JZMineViewController.xib */; };
		BBDD34388C832240FAF8A28B /* libPods.a in Frameworks */ = {isa = PBXBuildFile; fileRef = 616AA4F7DDFE70FDEEC19234 /* libPods.a */; };
/* End PBXBuildFile section */

/* Begin PBXFileReference section */
		616AA4F7DDFE70FDEEC19234 /* libPods.a */ = {isa = PBXFileReference; explicitFileType = archive.ar; includeInIndex = 0; path = libPods.a; sourceTree = BUILT_PRODUCTS_DIR; };
		7F1DB7B71CCF07EC005B7AA5 /* Database.h */ = {isa = PBXFileReference; fileEncoding = 4; lastKnownFileType = sourcecode.c.h; path = Database.h; sourceTree = "<group>"; };
		7F1DB7B81CCF07EC005B7AA5 /* Database.m */ = {isa = PBXFileReference; fileEncoding = 4; lastKnownFileType = sourcecode.c.objc; path = Database.m; sourceTree = "<group>"; };
		7F1DB7C01CCF3427005B7AA5 /* JZNoticeCell.h */ = {isa = PBXFileReference; fileEncoding = 4; lastKnownFileType = sourcecode.c.h; path = JZNoticeCell.h; sourceTree = "<group>"; };
		7F1DB7C11CCF3427005B7AA5 /* JZNoticeCell.m */ = {isa = PBXFileReference; fileEncoding = 4; lastKnownFileType = sourcecode.c.objc; path = JZNoticeCell.m; sourceTree = "<group>"; };
		7F1DB7C21CCF3427005B7AA5 /* JZNoticeCell.xib */ = {isa = PBXFileReference; fileEncoding = 4; lastKnownFileType = file.xib; path = JZNoticeCell.xib; sourceTree = "<group>"; };
		7F1DB7C51CCF3CE4005B7AA5 /* JZHttpsNetworkRequest.h */ = {isa = PBXFileReference; fileEncoding = 4; lastKnownFileType = sourcecode.c.h; path = JZHttpsNetworkRequest.h; sourceTree = "<group>"; };
		7F1DB7C61CCF3CE4005B7AA5 /* JZHttpsNetworkRequest.m */ = {isa = PBXFileReference; fileEncoding = 4; lastKnownFileType = sourcecode.c.objc; path = JZHttpsNetworkRequest.m; sourceTree = "<group>"; };
		7F1DB7C81CCF3D0C005B7AA5 /* JZBlockDefine.h */ = {isa = PBXFileReference; lastKnownFileType = sourcecode.c.h; path = JZBlockDefine.h; sourceTree = "<group>"; };
		7FCE825A1CC489F300098B9A /* AppDelegate.h */ = {isa = PBXFileReference; fileEncoding = 4; lastKnownFileType = sourcecode.c.h; path = AppDelegate.h; sourceTree = "<group>"; };
		7FCE825B1CC489F300098B9A /* AppDelegate.m */ = {isa = PBXFileReference; fileEncoding = 4; lastKnownFileType = sourcecode.c.objc; path = AppDelegate.m; sourceTree = "<group>"; };
		7FCE82601CC489F300098B9A /* Assets.xcassets */ = {isa = PBXFileReference; lastKnownFileType = folder.assetcatalog; path = Assets.xcassets; sourceTree = "<group>"; };
		7FCE82631CC489F300098B9A /* main.m */ = {isa = PBXFileReference; fileEncoding = 4; lastKnownFileType = sourcecode.c.objc; path = main.m; sourceTree = "<group>"; };
		7FCE826E1CC48B3C00098B9A /* HGJZKSOCInfo.plist */ = {isa = PBXFileReference; fileEncoding = 4; lastKnownFileType = text.plist.xml; path = HGJZKSOCInfo.plist; sourceTree = "<group>"; };
		9598E0B71CC3BA6000A02507 /* HGJZKSOC.app */ = {isa = PBXFileReference; explicitFileType = wrapper.application; includeInIndex = 0; path = HGJZKSOC.app; sourceTree = BUILT_PRODUCTS_DIR; };
		95F614091CCCB5BB0048EE88 /* JZTabBarController.h */ = {isa = PBXFileReference; fileEncoding = 4; lastKnownFileType = sourcecode.c.h; path = JZTabBarController.h; sourceTree = "<group>"; };
		95F6140A1CCCB5BB0048EE88 /* JZTabBarController.m */ = {isa = PBXFileReference; fileEncoding = 4; lastKnownFileType = sourcecode.c.objc; path = JZTabBarController.m; sourceTree = "<group>"; };
		95F6140F1CCCB6760048EE88 /* JZNavigationController.h */ = {isa = PBXFileReference; fileEncoding = 4; lastKnownFileType = sourcecode.c.h; path = JZNavigationController.h; sourceTree = "<group>"; };
		95F614101CCCB6760048EE88 /* JZNavigationController.m */ = {isa = PBXFileReference; fileEncoding = 4; lastKnownFileType = sourcecode.c.objc; path = JZNavigationController.m; sourceTree = "<group>"; };
		95F614161CCCB94F0048EE88 /* JZBaseViewController.h */ = {isa = PBXFileReference; fileEncoding = 4; lastKnownFileType = sourcecode.c.h; path = JZBaseViewController.h; sourceTree = "<group>"; };
		95F614171CCCB94F0048EE88 /* JZBaseViewController.m */ = {isa = PBXFileReference; fileEncoding = 4; lastKnownFileType = sourcecode.c.objc; path = JZBaseViewController.m; sourceTree = "<group>"; };
		95F614191CCCB9740048EE88 /* JZNoticeViewController.h */ = {isa = PBXFileReference; fileEncoding = 4; lastKnownFileType = sourcecode.c.h; path = JZNoticeViewController.h; sourceTree = "<group>"; };
		95F6141A1CCCB9740048EE88 /* JZNoticeViewController.m */ = {isa = PBXFileReference; fileEncoding = 4; lastKnownFileType = sourcecode.c.objc; path = JZNoticeViewController.m; sourceTree = "<group>"; };
		95F6141E1CCCB9980048EE88 /* JZPracticeViewController.h */ = {isa = PBXFileReference; fileEncoding = 4; lastKnownFileType = sourcecode.c.h; path = JZPracticeViewController.h; sourceTree = "<group>"; };
		95F6141F1CCCB9980048EE88 /* JZPracticeViewController.m */ = {isa = PBXFileReference; fileEncoding = 4; lastKnownFileType = sourcecode.c.objc; path = JZPracticeViewController.m; sourceTree = "<group>"; };
		95F614201CCCB9980048EE88 /* JZPracticeViewController.xib */ = {isa = PBXFileReference; fileEncoding = 4; lastKnownFileType = file.xib; path = JZPracticeViewController.xib; sourceTree = "<group>"; };
		95F614231CCCB9B50048EE88 /* JZMineViewController.h */ = {isa = PBXFileReference; fileEncoding = 4; lastKnownFileType = sourcecode.c.h; path = JZMineViewController.h; sourceTree = "<group>"; };
		95F614241CCCB9B50048EE88 /* JZMineViewController.m */ = {isa = PBXFileReference; fileEncoding = 4; lastKnownFileType = sourcecode.c.objc; path = JZMineViewController.m; sourceTree = "<group>"; };
		95F614251CCCB9B50048EE88 /* JZMineViewController.xib */ = {isa = PBXFileReference; fileEncoding = 4; lastKnownFileType = file.xib; path = JZMineViewController.xib; sourceTree = "<group>"; };
		95F614291CCCBF190048EE88 /* JZColorDefine.h */ = {isa = PBXFileReference; fileEncoding = 4; lastKnownFileType = sourcecode.c.h; path = JZColorDefine.h; sourceTree = "<group>"; };
		95F6142A1CCCBF2C0048EE88 /* JZFrameDefine.h */ = {isa = PBXFileReference; fileEncoding = 4; lastKnownFileType = sourcecode.c.h; path = JZFrameDefine.h; sourceTree = "<group>"; };
		95F6142B1CCCBF730048EE88 /* JZFontDefine.h */ = {isa = PBXFileReference; lastKnownFileType = sourcecode.c.h; path = JZFontDefine.h; sourceTree = "<group>"; };
		95F6142C1CCCC0470048EE88 /* JZPrefixHeader.pch */ = {isa = PBXFileReference; lastKnownFileType = sourcecode.c.h; path = JZPrefixHeader.pch; sourceTree = "<group>"; };
		C3AD4848726F6CBD797BC3AA /* Pods.release.xcconfig */ = {isa = PBXFileReference; includeInIndex = 1; lastKnownFileType = text.xcconfig; name = Pods.release.xcconfig; path = "Pods/Target Support Files/Pods/Pods.release.xcconfig"; sourceTree = "<group>"; };
		FFC50DDA0B9D66AA2A3E4BC2 /* Pods.debug.xcconfig */ = {isa = PBXFileReference; includeInIndex = 1; lastKnownFileType = text.xcconfig; name = Pods.debug.xcconfig; path = "Pods/Target Support Files/Pods/Pods.debug.xcconfig"; sourceTree = "<group>"; };
/* End PBXFileReference section */

/* Begin PBXFrameworksBuildPhase section */
		9598E0B41CC3BA6000A02507 /* Frameworks */ = {
			isa = PBXFrameworksBuildPhase;
			buildActionMask = 2147483647;
			files = (
				BBDD34388C832240FAF8A28B /* libPods.a in Frameworks */,
			);
			runOnlyForDeploymentPostprocessing = 0;
		};
/* End PBXFrameworksBuildPhase section */

/* Begin PBXGroup section */
		481BDD343258A00DA5F2CB91 /* Pods */ = {
			isa = PBXGroup;
			children = (
				FFC50DDA0B9D66AA2A3E4BC2 /* Pods.debug.xcconfig */,
				C3AD4848726F6CBD797BC3AA /* Pods.release.xcconfig */,
			);
			name = Pods;
			sourceTree = "<group>";
		};
		7F1DB7B61CCF07DB005B7AA5 /* Database */ = {
			isa = PBXGroup;
			children = (
				7F1DB7B71CCF07EC005B7AA5 /* Database.h */,
				7F1DB7B81CCF07EC005B7AA5 /* Database.m */,
			);
			path = Database;
			sourceTree = "<group>";
		};
		7F1DB7BA1CCF33BF005B7AA5 /* DrivingTestNoticeView */ = {
			isa = PBXGroup;
			children = (
				7F1DB7C01CCF3427005B7AA5 /* JZNoticeCell.h */,
				7F1DB7C11CCF3427005B7AA5 /* JZNoticeCell.m */,
				7F1DB7C21CCF3427005B7AA5 /* JZNoticeCell.xib */,
			);
			path = DrivingTestNoticeView;
			sourceTree = "<group>";
		};
		7F1DB7BB1CCF33BF005B7AA5 /* DrivingTestPracticeView */ = {
			isa = PBXGroup;
			children = (
			);
			path = DrivingTestPracticeView;
			sourceTree = "<group>";
		};
		7F1DB7BC1CCF33BF005B7AA5 /* MineView */ = {
			isa = PBXGroup;
			children = (
			);
			path = MineView;
			sourceTree = "<group>";
		};
		7F5944DC1CC4E6D600F9AFE5 /* Network */ = {
			isa = PBXGroup;
			children = (
				7F1DB7C51CCF3CE4005B7AA5 /* JZHttpsNetworkRequest.h */,
				7F1DB7C61CCF3CE4005B7AA5 /* JZHttpsNetworkRequest.m */,
			);
			path = Network;
			sourceTree = "<group>";
		};
		7FCE82591CC489F300098B9A /* AppDelegate */ = {
			isa = PBXGroup;
			children = (
				7FCE825A1CC489F300098B9A /* AppDelegate.h */,
				7FCE825B1CC489F300098B9A /* AppDelegate.m */,
			);
			path = AppDelegate;
			sourceTree = "<group>";
		};
		7FCE825C1CC489F300098B9A /* Category */ = {
			isa = PBXGroup;
			children = (
			);
			path = Category;
			sourceTree = "<group>";
		};
		7FCE825D1CC489F300098B9A /* Helper */ = {
			isa = PBXGroup;
			children = (
			);
			path = Helper;
			sourceTree = "<group>";
		};
		7FCE825E1CC489F300098B9A /* Manager */ = {
			isa = PBXGroup;
			children = (
			);
			path = Manager;
			sourceTree = "<group>";
		};
		7FCE825F1CC489F300098B9A /* Resource */ = {
			isa = PBXGroup;
			children = (
				7FCE82601CC489F300098B9A /* Assets.xcassets */,
			);
			path = Resource;
			sourceTree = "<group>";
		};
		7FCE82611CC489F300098B9A /* Supporing Files */ = {
			isa = PBXGroup;
			children = (
				7FCE826E1CC48B3C00098B9A /* HGJZKSOCInfo.plist */,
				7FCE82631CC489F300098B9A /* main.m */,
				95F6142C1CCCC0470048EE88 /* JZPrefixHeader.pch */,
			);
			path = "Supporing Files";
			sourceTree = "<group>";
		};
		7FCE82641CC489F300098B9A /* ThirdLibrary */ = {
			isa = PBXGroup;
			children = (
			);
			path = ThirdLibrary;
			sourceTree = "<group>";
		};
		7FCE82651CC489F300098B9A /* View */ = {
			isa = PBXGroup;
			children = (
				7F1DB7BA1CCF33BF005B7AA5 /* DrivingTestNoticeView */,
				7F1DB7BB1CCF33BF005B7AA5 /* DrivingTestPracticeView */,
				7F1DB7BC1CCF33BF005B7AA5 /* MineView */,
			);
			path = View;
			sourceTree = "<group>";
		};
		7FCE82661CC489F300098B9A /* ViewController */ = {
			isa = PBXGroup;
			children = (
				95F614151CCCB9260048EE88 /* BaseViewController */,
				95F614121CCCB9000048EE88 /* DrivingTestNotice */,
				95F614131CCCB9000048EE88 /* DrivingTestPractice */,
				95F614141CCCB9000048EE88 /* Mine */,
				95F6140E1CCCB6620048EE88 /* NavigationController */,
				95F614051CCCB54B0048EE88 /* TabBarController */,
			);
			path = ViewController;
			sourceTree = "<group>";
		};
		8C72B68ED63E1684E3C69B8F /* Frameworks */ = {
			isa = PBXGroup;
			children = (
				616AA4F7DDFE70FDEEC19234 /* libPods.a */,
			);
			name = Frameworks;
			sourceTree = "<group>";
		};
		9598E0AE1CC3BA6000A02507 = {
			isa = PBXGroup;
			children = (
				9598E0B91CC3BA6000A02507 /* HGJZKSOC */,
				9598E0B81CC3BA6000A02507 /* Products */,
				481BDD343258A00DA5F2CB91 /* Pods */,
				8C72B68ED63E1684E3C69B8F /* Frameworks */,
			);
			sourceTree = "<group>";
		};
		9598E0B81CC3BA6000A02507 /* Products */ = {
			isa = PBXGroup;
			children = (
				9598E0B71CC3BA6000A02507 /* HGJZKSOC.app */,
			);
			name = Products;
			sourceTree = "<group>";
		};
		9598E0B91CC3BA6000A02507 /* HGJZKSOC */ = {
			isa = PBXGroup;
			children = (
				7F1DB7B61CCF07DB005B7AA5 /* Database */,
				95F614281CCCBF010048EE88 /* MarcoDefines */,
				7FCE82591CC489F300098B9A /* AppDelegate */,
				7FCE82611CC489F300098B9A /* Supporing Files */,
				7FCE82661CC489F300098B9A /* ViewController */,
				7FCE82651CC489F300098B9A /* View */,
				7F5944DC1CC4E6D600F9AFE5 /* Network */,
				7FCE825C1CC489F300098B9A /* Category */,
				7FCE825D1CC489F300098B9A /* Helper */,
				7FCE825E1CC489F300098B9A /* Manager */,
				7FCE825F1CC489F300098B9A /* Resource */,
				7FCE82641CC489F300098B9A /* ThirdLibrary */,
			);
			path = HGJZKSOC;
			sourceTree = "<group>";
		};
		95F614051CCCB54B0048EE88 /* TabBarController */ = {
			isa = PBXGroup;
			children = (
				95F614091CCCB5BB0048EE88 /* JZTabBarController.h */,
				95F6140A1CCCB5BB0048EE88 /* JZTabBarController.m */,
			);
			path = TabBarController;
			sourceTree = "<group>";
		};
		95F6140E1CCCB6620048EE88 /* NavigationController */ = {
			isa = PBXGroup;
			children = (
				95F6140F1CCCB6760048EE88 /* JZNavigationController.h */,
				95F614101CCCB6760048EE88 /* JZNavigationController.m */,
			);
			path = NavigationController;
			sourceTree = "<group>";
		};
		95F614121CCCB9000048EE88 /* DrivingTestNotice */ = {
			isa = PBXGroup;
			children = (
				95F614191CCCB9740048EE88 /* JZNoticeViewController.h */,
				95F6141A1CCCB9740048EE88 /* JZNoticeViewController.m */,
			);
			path = DrivingTestNotice;
			sourceTree = "<group>";
		};
		95F614131CCCB9000048EE88 /* DrivingTestPractice */ = {
			isa = PBXGroup;
			children = (
				95F6141E1CCCB9980048EE88 /* JZPracticeViewController.h */,
				95F6141F1CCCB9980048EE88 /* JZPracticeViewController.m */,
				95F614201CCCB9980048EE88 /* JZPracticeViewController.xib */,
			);
			path = DrivingTestPractice;
			sourceTree = "<group>";
		};
		95F614141CCCB9000048EE88 /* Mine */ = {
			isa = PBXGroup;
			children = (
				95F614231CCCB9B50048EE88 /* JZMineViewController.h */,
				95F614241CCCB9B50048EE88 /* JZMineViewController.m */,
				95F614251CCCB9B50048EE88 /* JZMineViewController.xib */,
			);
			path = Mine;
			sourceTree = "<group>";
		};
		95F614151CCCB9260048EE88 /* BaseViewController */ = {
			isa = PBXGroup;
			children = (
				95F614161CCCB94F0048EE88 /* JZBaseViewController.h */,
				95F614171CCCB94F0048EE88 /* JZBaseViewController.m */,
			);
			path = BaseViewController;
			sourceTree = "<group>";
		};
		95F614281CCCBF010048EE88 /* MarcoDefines */ = {
			isa = PBXGroup;
			children = (
				95F614291CCCBF190048EE88 /* JZColorDefine.h */,
				95F6142A1CCCBF2C0048EE88 /* JZFrameDefine.h */,
				95F6142B1CCCBF730048EE88 /* JZFontDefine.h */,
				7F1DB7C81CCF3D0C005B7AA5 /* JZBlockDefine.h */,
			);
			path = MarcoDefines;
			sourceTree = "<group>";
		};
/* End PBXGroup section */

/* Begin PBXNativeTarget section */
		9598E0B61CC3BA6000A02507 /* HGJZKSOC */ = {
			isa = PBXNativeTarget;
			buildConfigurationList = 9598E0E41CC3BA6000A02507 /* Build configuration list for PBXNativeTarget "HGJZKSOC" */;
			buildPhases = (
				FE82849F5110011343E1DA0A /* Check Pods Manifest.lock */,
				9598E0B31CC3BA6000A02507 /* Sources */,
				9598E0B41CC3BA6000A02507 /* Frameworks */,
				9598E0B51CC3BA6000A02507 /* Resources */,
				2D4422C612D559FAEB8DC056 /* Embed Pods Frameworks */,
				C2AA43F1191136B2980B3BED /* Copy Pods Resources */,
			);
			buildRules = (
			);
			dependencies = (
			);
			name = HGJZKSOC;
			productName = HGJZKSOC;
			productReference = 9598E0B71CC3BA6000A02507 /* HGJZKSOC.app */;
			productType = "com.apple.product-type.application";
		};
/* End PBXNativeTarget section */

/* Begin PBXProject section */
		9598E0AF1CC3BA6000A02507 /* Project object */ = {
			isa = PBXProject;
			attributes = {
				LastUpgradeCheck = 0730;
				ORGANIZATIONNAME = "Stone Bell Hill";
				TargetAttributes = {
					9598E0B61CC3BA6000A02507 = {
						CreatedOnToolsVersion = 7.3;
						DevelopmentTeam = B5HKVZ3G87;
					};
				};
			};
			buildConfigurationList = 9598E0B21CC3BA6000A02507 /* Build configuration list for PBXProject "HGJZKSOC" */;
			compatibilityVersion = "Xcode 3.2";
			developmentRegion = English;
			hasScannedForEncodings = 0;
			knownRegions = (
				en,
				Base,
			);
			mainGroup = 9598E0AE1CC3BA6000A02507;
			productRefGroup = 9598E0B81CC3BA6000A02507 /* Products */;
			projectDirPath = "";
			projectRoot = "";
			targets = (
				9598E0B61CC3BA6000A02507 /* HGJZKSOC */,
			);
		};
/* End PBXProject section */

/* Begin PBXResourcesBuildPhase section */
		9598E0B51CC3BA6000A02507 /* Resources */ = {
			isa = PBXResourcesBuildPhase;
			buildActionMask = 2147483647;
			files = (
				95F614221CCCB9980048EE88 /* JZPracticeViewController.xib in Resources */,
				95F614271CCCB9B50048EE88 /* JZMineViewController.xib in Resources */,
				7FCE826A1CC489F300098B9A /* Assets.xcassets in Resources */,
				7F1DB7C41CCF3427005B7AA5 /* JZNoticeCell.xib in Resources */,
			);
			runOnlyForDeploymentPostprocessing = 0;
		};
/* End PBXResourcesBuildPhase section */

/* Begin PBXShellScriptBuildPhase section */
		2D4422C612D559FAEB8DC056 /* Embed Pods Frameworks */ = {
			isa = PBXShellScriptBuildPhase;
			buildActionMask = 2147483647;
			files = (
			);
			inputPaths = (
			);
			name = "Embed Pods Frameworks";
			outputPaths = (
			);
			runOnlyForDeploymentPostprocessing = 0;
			shellPath = /bin/sh;
			shellScript = "\"${SRCROOT}/Pods/Target Support Files/Pods/Pods-frameworks.sh\"\n";
			showEnvVarsInLog = 0;
		};
		C2AA43F1191136B2980B3BED /* Copy Pods Resources */ = {
			isa = PBXShellScriptBuildPhase;
			buildActionMask = 2147483647;
			files = (
			);
			inputPaths = (
			);
			name = "Copy Pods Resources";
			outputPaths = (
			);
			runOnlyForDeploymentPostprocessing = 0;
			shellPath = /bin/sh;
			shellScript = "\"${SRCROOT}/Pods/Target Support Files/Pods/Pods-resources.sh\"\n";
			showEnvVarsInLog = 0;
		};
		FE82849F5110011343E1DA0A /* Check Pods Manifest.lock */ = {
			isa = PBXShellScriptBuildPhase;
			buildActionMask = 2147483647;
			files = (
			);
			inputPaths = (
			);
			name = "Check Pods Manifest.lock";
			outputPaths = (
			);
			runOnlyForDeploymentPostprocessing = 0;
			shellPath = /bin/sh;
			shellScript = "diff \"${PODS_ROOT}/../Podfile.lock\" \"${PODS_ROOT}/Manifest.lock\" > /dev/null\nif [[ $? != 0 ]] ; then\n    cat << EOM\nerror: The sandbox is not in sync with the Podfile.lock. Run 'pod install' or update your CocoaPods installation.\nEOM\n    exit 1\nfi\n";
			showEnvVarsInLog = 0;
		};
/* End PBXShellScriptBuildPhase section */

/* Begin PBXSourcesBuildPhase section */
		9598E0B31CC3BA6000A02507 /* Sources */ = {
			isa = PBXSourcesBuildPhase;
			buildActionMask = 2147483647;
			files = (
				95F614111CCCB6760048EE88 /* JZNavigationController.m in Sources */,
				95F614181CCCB94F0048EE88 /* JZBaseViewController.m in Sources */,
				95F6141C1CCCB9740048EE88 /* JZNoticeViewController.m in Sources */,
				95F614211CCCB9980048EE88 /* JZPracticeViewController.m in Sources */,
				7FCE826C1CC489F300098B9A /* main.m in Sources */,
				95F614261CCCB9B50048EE88 /* JZMineViewController.m in Sources */,
				7FCE82691CC489F300098B9A /* AppDelegate.m in Sources */,
				7F1DB7C31CCF3427005B7AA5 /* JZNoticeCell.m in Sources */,
				7F1DB7C71CCF3CE4005B7AA5 /* JZHttpsNetworkRequest.m in Sources */,
				7F1DB7B91CCF07EC005B7AA5 /* Database.m in Sources */,
				95F6140C1CCCB5BB0048EE88 /* JZTabBarController.m in Sources */,
			);
			runOnlyForDeploymentPostprocessing = 0;
		};
/* End PBXSourcesBuildPhase section */

/* Begin XCBuildConfiguration section */
		9598E0E21CC3BA6000A02507 /* Debug */ = {
			isa = XCBuildConfiguration;
			buildSettings = {
				ALWAYS_SEARCH_USER_PATHS = NO;
				CLANG_ANALYZER_NONNULL = YES;
				CLANG_CXX_LANGUAGE_STANDARD = "gnu++0x";
				CLANG_CXX_LIBRARY = "libc++";
				CLANG_ENABLE_MODULES = YES;
				CLANG_ENABLE_OBJC_ARC = YES;
				CLANG_WARN_BOOL_CONVERSION = YES;
				CLANG_WARN_CONSTANT_CONVERSION = YES;
				CLANG_WARN_DIRECT_OBJC_ISA_USAGE = YES_ERROR;
				CLANG_WARN_EMPTY_BODY = YES;
				CLANG_WARN_ENUM_CONVERSION = YES;
				CLANG_WARN_INT_CONVERSION = YES;
				CLANG_WARN_OBJC_ROOT_CLASS = YES_ERROR;
				CLANG_WARN_UNREACHABLE_CODE = YES;
				CLANG_WARN__DUPLICATE_METHOD_MATCH = YES;
				"CODE_SIGN_IDENTITY[sdk=iphoneos*]" = "iPhone Developer";
				COPY_PHASE_STRIP = NO;
				DEBUG_INFORMATION_FORMAT = dwarf;
				ENABLE_STRICT_OBJC_MSGSEND = YES;
				ENABLE_TESTABILITY = YES;
				GCC_C_LANGUAGE_STANDARD = gnu99;
				GCC_DYNAMIC_NO_PIC = NO;
				GCC_NO_COMMON_BLOCKS = YES;
				GCC_OPTIMIZATION_LEVEL = 0;
				GCC_PREPROCESSOR_DEFINITIONS = (
					"DEBUG=1",
					"$(inherited)",
				);
				GCC_WARN_64_TO_32_BIT_CONVERSION = YES;
				GCC_WARN_ABOUT_RETURN_TYPE = YES_ERROR;
				GCC_WARN_UNDECLARED_SELECTOR = YES;
				GCC_WARN_UNINITIALIZED_AUTOS = YES_AGGRESSIVE;
				GCC_WARN_UNUSED_FUNCTION = YES;
				GCC_WARN_UNUSED_VARIABLE = YES;
				IPHONEOS_DEPLOYMENT_TARGET = 9.3;
				MTL_ENABLE_DEBUG_INFO = YES;
				ONLY_ACTIVE_ARCH = YES;
				SDKROOT = iphoneos;
			};
			name = Debug;
		};
		9598E0E31CC3BA6000A02507 /* Release */ = {
			isa = XCBuildConfiguration;
			buildSettings = {
				ALWAYS_SEARCH_USER_PATHS = NO;
				CLANG_ANALYZER_NONNULL = YES;
				CLANG_CXX_LANGUAGE_STANDARD = "gnu++0x";
				CLANG_CXX_LIBRARY = "libc++";
				CLANG_ENABLE_MODULES = YES;
				CLANG_ENABLE_OBJC_ARC = YES;
				CLANG_WARN_BOOL_CONVERSION = YES;
				CLANG_WARN_CONSTANT_CONVERSION = YES;
				CLANG_WARN_DIRECT_OBJC_ISA_USAGE = YES_ERROR;
				CLANG_WARN_EMPTY_BODY = YES;
				CLANG_WARN_ENUM_CONVERSION = YES;
				CLANG_WARN_INT_CONVERSION = YES;
				CLANG_WARN_OBJC_ROOT_CLASS = YES_ERROR;
				CLANG_WARN_UNREACHABLE_CODE = YES;
				CLANG_WARN__DUPLICATE_METHOD_MATCH = YES;
				"CODE_SIGN_IDENTITY[sdk=iphoneos*]" = "iPhone Developer";
				COPY_PHASE_STRIP = NO;
				DEBUG_INFORMATION_FORMAT = "dwarf-with-dsym";
				ENABLE_NS_ASSERTIONS = NO;
				ENABLE_STRICT_OBJC_MSGSEND = YES;
				GCC_C_LANGUAGE_STANDARD = gnu99;
				GCC_NO_COMMON_BLOCKS = YES;
				GCC_WARN_64_TO_32_BIT_CONVERSION = YES;
				GCC_WARN_ABOUT_RETURN_TYPE = YES_ERROR;
				GCC_WARN_UNDECLARED_SELECTOR = YES;
				GCC_WARN_UNINITIALIZED_AUTOS = YES_AGGRESSIVE;
				GCC_WARN_UNUSED_FUNCTION = YES;
				GCC_WARN_UNUSED_VARIABLE = YES;
				IPHONEOS_DEPLOYMENT_TARGET = 9.3;
				MTL_ENABLE_DEBUG_INFO = NO;
				SDKROOT = iphoneos;
				VALIDATE_PRODUCT = YES;
			};
			name = Release;
		};
		9598E0E51CC3BA6000A02507 /* Debug */ = {
			isa = XCBuildConfiguration;
			baseConfigurationReference = FFC50DDA0B9D66AA2A3E4BC2 /* Pods.debug.xcconfig */;
			buildSettings = {
				ASSETCATALOG_COMPILER_APPICON_NAME = AppIcon;
				ASSETCATALOG_COMPILER_LAUNCHIMAGE_NAME = LaunchImage;
				CODE_SIGN_IDENTITY = "iPhone Developer";
				GCC_PRECOMPILE_PREFIX_HEADER = YES;
				GCC_PREFIX_HEADER = "$(SRCROOT)/HGJZKSOC/Supporing Files/JZPrefixHeader.pch";
				INFOPLIST_FILE = "$(SRCROOT)/HGJZKSOC/Supporing Files/HGJZKSOCInfo.plist";
				IPHONEOS_DEPLOYMENT_TARGET = 7.0;
				LD_RUNPATH_SEARCH_PATHS = "$(inherited) @executable_path/Frameworks";
				PRODUCT_BUNDLE_IDENTIFIER = com.stoneBellHill.HGJZKSOC;
				PRODUCT_NAME = "$(TARGET_NAME)";
				TARGETED_DEVICE_FAMILY = 1;
			};
			name = Debug;
		};
		9598E0E61CC3BA6000A02507 /* Release */ = {
			isa = XCBuildConfiguration;
			baseConfigurationReference = C3AD4848726F6CBD797BC3AA /* Pods.release.xcconfig */;
			buildSettings = {
				ASSETCATALOG_COMPILER_APPICON_NAME = AppIcon;
				ASSETCATALOG_COMPILER_LAUNCHIMAGE_NAME = LaunchImage;
				CODE_SIGN_IDENTITY = "iPhone Developer";
				GCC_PRECOMPILE_PREFIX_HEADER = YES;
				GCC_PREFIX_HEADER = "$(SRCROOT)/HGJZKSOC/Supporing Files/JZPrefixHeader.pch";
				INFOPLIST_FILE = "$(SRCROOT)/HGJZKSOC/Supporing Files/HGJZKSOCInfo.plist";
				IPHONEOS_DEPLOYMENT_TARGET = 7.0;
				LD_RUNPATH_SEARCH_PATHS = "$(inherited) @executable_path/Frameworks";
				PRODUCT_BUNDLE_IDENTIFIER = com.stoneBellHill.HGJZKSOC;
				PRODUCT_NAME = "$(TARGET_NAME)";
				TARGETED_DEVICE_FAMILY = 1;
			};
			name = Release;
		};
/* End XCBuildConfiguration section */

/* Begin XCConfigurationList section */
		9598E0B21CC3BA6000A02507 /* Build configuration list for PBXProject "HGJZKSOC" */ = {
			isa = XCConfigurationList;
			buildConfigurations = (
				9598E0E21CC3BA6000A02507 /* Debug */,
				9598E0E31CC3BA6000A02507 /* Release */,
			);
			defaultConfigurationIsVisible = 0;
			defaultConfigurationName = Release;
		};
		9598E0E41CC3BA6000A02507 /* Build configuration list for PBXNativeTarget "HGJZKSOC" */ = {
			isa = XCConfigurationList;
			buildConfigurations = (
				9598E0E51CC3BA6000A02507 /* Debug */,
				9598E0E61CC3BA6000A02507 /* Release */,
			);
			defaultConfigurationIsVisible = 0;
			defaultConfigurationName = Release;
		};
/* End XCConfigurationList section */
	};
	rootObject = 9598E0AF1CC3BA6000A02507 /* Project object */;
}
